// !$*UTF8*$!
{
	archiveVersion = 1;
	classes = {
	};
	objectVersion = 77;
	objects = {

/* Begin PBXBuildFile section */
		14C0AD912D9144AC0033AE30 /* Assets.xcassets in Resources */ = {isa = PBXBuildFile; fileRef = 14C0AD852D9144AC0033AE30 /* Assets.xcassets */; };
		14C0AD932D9144AC0033AE30 /* LaunchScreen.storyboard in Resources */ = {isa = PBXBuildFile; fileRef = 14C0AD882D9144AC0033AE30 /* LaunchScreen.storyboard */; };
		14C0AD942D9144AC0033AE30 /* Main.storyboard in Resources */ = {isa = PBXBuildFile; fileRef = 14C0AD8B2D9144AC0033AE30 /* Main.storyboard */; };
		14C0AD952D9144AC0033AE30 /* AppDelegate.m in Sources */ = {isa = PBXBuildFile; fileRef = 14C0AD842D9144AC0033AE30 /* AppDelegate.m */; };
		14C0AD962D9144AC0033AE30 /* main.m in Sources */ = {isa = PBXBuildFile; fileRef = 14C0AD892D9144AC0033AE30 /* main.m */; };
		14C0AD972D9144AC0033AE30 /* SceneDelegate.m in Sources */ = {isa = PBXBuildFile; fileRef = 14C0AD8D2D9144AC0033AE30 /* SceneDelegate.m */; };
		14C0AD982D9144AC0033AE30 /* ViewController.m in Sources */ = {isa = PBXBuildFile; fileRef = 14C0AD8F2D9144AC0033AE30 /* ViewController.m */; };
		14C0AD9C2D9144D80033AE30 /* DeepSeekClient.m in Sources */ = {isa = PBXBuildFile; fileRef = 14C0AD9B2D9144D80033AE30 /* DeepSeekClient.m */; };
		14C0AD9F2D9147C50033AE30 /* DeepSeekStreamClient.m in Sources */ = {isa = PBXBuildFile; fileRef = 14C0AD9E2D9147C50033AE30 /* DeepSeekStreamClient.m */; };
/* End PBXBuildFile section */

/* Begin PBXFileReference section */
		14C0AD652D9143FD0033AE30 /* ZJLAICenterProject.app */ = {isa = PBXFileReference; explicitFileType = wrapper.application; includeInIndex = 0; path = ZJLAICenterProject.app; sourceTree = BUILT_PRODUCTS_DIR; };
		14C0AD832D9144AC0033AE30 /* AppDelegate.h */ = {isa = PBXFileReference; lastKnownFileType = sourcecode.c.h; path = AppDelegate.h; sourceTree = "<group>"; };
		14C0AD842D9144AC0033AE30 /* AppDelegate.m */ = {isa = PBXFileReference; lastKnownFileType = sourcecode.c.objc; path = AppDelegate.m; sourceTree = "<group>"; };
		14C0AD852D9144AC0033AE30 /* Assets.xcassets */ = {isa = PBXFileReference; lastKnownFileType = folder.assetcatalog; path = Assets.xcassets; sourceTree = "<group>"; };
		14C0AD862D9144AC0033AE30 /* Info.plist */ = {isa = PBXFileReference; lastKnownFileType = text.plist.xml; path = Info.plist; sourceTree = "<group>"; };
		14C0AD872D9144AC0033AE30 /* Base */ = {isa = PBXFileReference; lastKnownFileType = file.storyboard; name = Base; path = Base.lproj/LaunchScreen.storyboard; sourceTree = "<group>"; };
		14C0AD892D9144AC0033AE30 /* main.m */ = {isa = PBXFileReference; lastKnownFileType = sourcecode.c.objc; path = main.m; sourceTree = "<group>"; };
		14C0AD8A2D9144AC0033AE30 /* Base */ = {isa = PBXFileReference; lastKnownFileType = file.storyboard; name = Base; path = Base.lproj/Main.storyboard; sourceTree = "<group>"; };
		14C0AD8C2D9144AC0033AE30 /* SceneDelegate.h */ = {isa = PBXFileReference; lastKnownFileType = sourcecode.c.h; path = SceneDelegate.h; sourceTree = "<group>"; };
		14C0AD8D2D9144AC0033AE30 /* SceneDelegate.m */ = {isa = PBXFileReference; lastKnownFileType = sourcecode.c.objc; path = SceneDelegate.m; sourceTree = "<group>"; };
		14C0AD8E2D9144AC0033AE30 /* ViewController.h */ = {isa = PBXFileReference; lastKnownFileType = sourcecode.c.h; path = ViewController.h; sourceTree = "<group>"; };
		14C0AD8F2D9144AC0033AE30 /* ViewController.m */ = {isa = PBXFileReference; lastKnownFileType = sourcecode.c.objc; path = ViewController.m; sourceTree = "<group>"; };
		14C0AD9A2D9144D80033AE30 /* DeepSeekClient.h */ = {isa = PBXFileReference; lastKnownFileType = sourcecode.c.h; path = DeepSeekClient.h; sourceTree = "<group>"; };
		14C0AD9B2D9144D80033AE30 /* DeepSeekClient.m */ = {isa = PBXFileReference; lastKnownFileType = sourcecode.c.objc; path = DeepSeekClient.m; sourceTree = "<group>"; };
		14C0AD9D2D9147C50033AE30 /* DeepSeekStreamClient.h */ = {isa = PBXFileReference; lastKnownFileType = sourcecode.c.h; path = DeepSeekStreamClient.h; sourceTree = "<group>"; };
		14C0AD9E2D9147C50033AE30 /* DeepSeekStreamClient.m */ = {isa = PBXFileReference; lastKnownFileType = sourcecode.c.objc; path = DeepSeekStreamClient.m; sourceTree = "<group>"; };
/* End PBXFileReference section */

/* Begin PBXFrameworksBuildPhase section */
		14C0AD622D9143FD0033AE30 /* Frameworks */ = {
			isa = PBXFrameworksBuildPhase;
			buildActionMask = 2147483647;
			files = (
			);
			runOnlyForDeploymentPostprocessing = 0;
		};
/* End PBXFrameworksBuildPhase section */

/* Begin PBXGroup section */
		14C0AD5C2D9143FD0033AE30 = {
			isa = PBXGroup;
			children = (
				14C0AD902D9144AC0033AE30 /* ZJLAICenterProject */,
				14C0AD662D9143FD0033AE30 /* Products */,
			);
			sourceTree = "<group>";
		};
		14C0AD662D9143FD0033AE30 /* Products */ = {
			isa = PBXGroup;
			children = (
				14C0AD652D9143FD0033AE30 /* ZJLAICenterProject.app */,
			);
			name = Products;
			sourceTree = "<group>";
		};
		14C0AD902D9144AC0033AE30 /* ZJLAICenterProject */ = {
			isa = PBXGroup;
			children = (
				14C0AD992D9144B00033AE30 /* ZJLAICenter */,
				14C0AD832D9144AC0033AE30 /* AppDelegate.h */,
				14C0AD842D9144AC0033AE30 /* AppDelegate.m */,
				14C0AD852D9144AC0033AE30 /* Assets.xcassets */,
				14C0AD862D9144AC0033AE30 /* Info.plist */,
				14C0AD882D9144AC0033AE30 /* LaunchScreen.storyboard */,
				14C0AD892D9144AC0033AE30 /* main.m */,
				14C0AD8B2D9144AC0033AE30 /* Main.storyboard */,
				14C0AD8C2D9144AC0033AE30 /* SceneDelegate.h */,
				14C0AD8D2D9144AC0033AE30 /* SceneDelegate.m */,
				14C0AD8E2D9144AC0033AE30 /* ViewController.h */,
				14C0AD8F2D9144AC0033AE30 /* ViewController.m */,
			);
			path = ZJLAICenterProject;
			sourceTree = "<group>";
		};
		14C0AD992D9144B00033AE30 /* ZJLAICenter */ = {
			isa = PBXGroup;
			children = (
				14C0AD9A2D9144D80033AE30 /* DeepSeekClient.h */,
				14C0AD9B2D9144D80033AE30 /* DeepSeekClient.m */,
				14C0AD9D2D9147C50033AE30 /* DeepSeekStreamClient.h */,
				14C0AD9E2D9147C50033AE30 /* DeepSeekStreamClient.m */,
			);
			path = ZJLAICenter;
			sourceTree = "<group>";
		};
/* End PBXGroup section */

/* Begin PBXNativeTarget section */
		14C0AD642D9143FD0033AE30 /* ZJLAICenterProject */ = {
			isa = PBXNativeTarget;
			buildConfigurationList = 14C0AD7D2D9144010033AE30 /* Build configuration list for PBXNativeTarget "ZJLAICenterProject" */;
			buildPhases = (
				14C0AD612D9143FD0033AE30 /* Sources */,
				14C0AD622D9143FD0033AE30 /* Frameworks */,
				14C0AD632D9143FD0033AE30 /* Resources */,
			);
			buildRules = (
			);
			dependencies = (
			);
			name = ZJLAICenterProject;
			packageProductDependencies = (
			);
			productName = ZJLAICenterProject;
			productReference = 14C0AD652D9143FD0033AE30 /* ZJLAICenterProject.app */;
			productType = "com.apple.product-type.application";
		};
/* End PBXNativeTarget section */

/* Begin PBXProject section */
		14C0AD5D2D9143FD0033AE30 /* Project object */ = {
			isa = PBXProject;
			attributes = {
				BuildIndependentTargetsInParallel = 1;
				LastUpgradeCheck = 1620;
				TargetAttributes = {
					14C0AD642D9143FD0033AE30 = {
						CreatedOnToolsVersion = 16.2;
					};
				};
			};
			buildConfigurationList = 14C0AD602D9143FD0033AE30 /* Build configuration list for PBXProject "ZJLAICenterProject" */;
			developmentRegion = en;
			hasScannedForEncodings = 0;
			knownRegions = (
				en,
				Base,
			);
			mainGroup = 14C0AD5C2D9143FD0033AE30;
			minimizedProjectReferenceProxies = 1;
			preferredProjectObjectVersion = 77;
			productRefGroup = 14C0AD662D9143FD0033AE30 /* Products */;
			projectDirPath = "";
			projectRoot = "";
			targets = (
				14C0AD642D9143FD0033AE30 /* ZJLAICenterProject */,
			);
		};
/* End PBXProject section */

/* Begin PBXResourcesBuildPhase section */
		14C0AD632D9143FD0033AE30 /* Resources */ = {
			isa = PBXResourcesBuildPhase;
			buildActionMask = 2147483647;
			files = (
				14C0AD912D9144AC0033AE30 /* Assets.xcassets in Resources */,
				14C0AD932D9144AC0033AE30 /* LaunchScreen.storyboard in Resources */,
				14C0AD942D9144AC0033AE30 /* Main.storyboard in Resources */,
			);
			runOnlyForDeploymentPostprocessing = 0;
		};
/* End PBXResourcesBuildPhase section */

/* Begin PBXSourcesBuildPhase section */
		14C0AD612D9143FD0033AE30 /* Sources */ = {
			isa = PBXSourcesBuildPhase;
			buildActionMask = 2147483647;
			files = (
				14C0AD952D9144AC0033AE30 /* AppDelegate.m in Sources */,
				14C0AD962D9144AC0033AE30 /* main.m in Sources */,
				14C0AD972D9144AC0033AE30 /* SceneDelegate.m in Sources */,
				14C0AD9C2D9144D80033AE30 /* DeepSeekClient.m in Sources */,
				14C0AD9F2D9147C50033AE30 /* DeepSeekStreamClient.m in Sources */,
				14C0AD982D9144AC0033AE30 /* ViewController.m in Sources */,
			);
			runOnlyForDeploymentPostprocessing = 0;
		};
/* End PBXSourcesBuildPhase section */

/* Begin PBXVariantGroup section */
		14C0AD882D9144AC0033AE30 /* LaunchScreen.storyboard */ = {
			isa = PBXVariantGroup;
			children = (
				14C0AD872D9144AC0033AE30 /* Base */,
			);
			name = LaunchScreen.storyboard;
			sourceTree = "<group>";
		};
		14C0AD8B2D9144AC0033AE30 /* Main.storyboard */ = {
			isa = PBXVariantGroup;
			children = (
				14C0AD8A2D9144AC0033AE30 /* Base */,
			);
			name = Main.storyboard;
			sourceTree = "<group>";
		};
/* End PBXVariantGroup section */

/* Begin XCBuildConfiguration section */
		14C0AD7E2D9144010033AE30 /* Debug */ = {
			isa = XCBuildConfiguration;
			buildSettings = {
				ASSETCATALOG_COMPILER_APPICON_NAME = AppIcon;
				ASSETCATALOG_COMPILER_GLOBAL_ACCENT_COLOR_NAME = AccentColor;
				CODE_SIGN_STYLE = Automatic;
				CURRENT_PROJECT_VERSION = 1;
				DEVELOPMENT_TEAM = Z775HF852Q;
				GENERATE_INFOPLIST_FILE = YES;
				INFOPLIST_FILE = ZJLAICenterProject/Info.plist;
				INFOPLIST_KEY_UIApplicationSupportsIndirectInputEvents = YES;
				INFOPLIST_KEY_UILaunchStoryboardName = LaunchScreen;
				INFOPLIST_KEY_UIMainStoryboardFile = Main;
				INFOPLIST_KEY_UISupportedInterfaceOrientations_iPad = "UIInterfaceOrientationPortrait UIInterfaceOrientationPortraitUpsideDown UIInterfaceOrientationLandscapeLeft UIInterfaceOrientationLandscapeRight";
				INFOPLIST_KEY_UISupportedInterfaceOrientations_iPhone = "UIInterfaceOrientationPortrait UIInterfaceOrientationLandscapeLeft UIInterfaceOrientationLandscapeRight";
				IPHONEOS_DEPLOYMENT_TARGET = 11.0;
				LD_RUNPATH_SEARCH_PATHS = (
					"$(inherited)",
					"@executable_path/Frameworks",
				);
				MARKETING_VERSION = 1.0;
				PRODUCT_BUNDLE_IDENTIFIER = ZJL.ZJLAICenterProject;
				PRODUCT_NAME = "$(TARGET_NAME)";
				SWIFT_EMIT_LOC_STRINGS = YES;
				TARGETED_DEVICE_FAMILY = "1,2";
			};
			name = Debug;
		};
		14C0AD7F2D9144010033AE30 /* Release */ = {
			isa = XCBuildConfiguration;
			buildSettings = {
				ASSETCATALOG_COMPILER_APPICON_NAME = AppIcon;
				ASSETCATALOG_COMPILER_GLOBAL_ACCENT_COLOR_NAME = AccentColor;
				CODE_SIGN_STYLE = Automatic;
				CURRENT_PROJECT_VERSION = 1;
				DEVELOPMENT_TEAM = Z775HF852Q;
				GENERATE_INFOPLIST_FILE = YES;
				INFOPLIST_FILE = ZJLAICenterProject/Info.plist;
				INFOPLIST_KEY_UIApplicationSupportsIndirectInputEvents = YES;
				INFOPLIST_KEY_UILaunchStoryboardName = LaunchScreen;
				INFOPLIST_KEY_UIMainStoryboardFile = Main;
				INFOPLIST_KEY_UISupportedInterfaceOrientations_iPad = "UIInterfaceOrientationPortrait UIInterfaceOrientationPortraitUpsideDown UIInterfaceOrientationLandscapeLeft UIInterfaceOrientationLandscapeRight";
				INFOPLIST_KEY_UISupportedInterfaceOrientations_iPhone = "UIInterfaceOrientationPortrait UIInterfaceOrientationLandscapeLeft UIInterfaceOrientationLandscapeRight";
				IPHONEOS_DEPLOYMENT_TARGET = 11.0;
				LD_RUNPATH_SEARCH_PATHS = (
					"$(inherited)",
					"@executable_path/Frameworks",
				);
				MARKETING_VERSION = 1.0;
				PRODUCT_BUNDLE_IDENTIFIER = ZJL.ZJLAICenterProject;
				PRODUCT_NAME = "$(TARGET_NAME)";
				SWIFT_EMIT_LOC_STRINGS = YES;
				TARGETED_DEVICE_FAMILY = "1,2";
			};
			name = Release;
		};
		14C0AD802D9144010033AE30 /* Debug */ = {
			isa = XCBuildConfiguration;
			buildSettings = {
				ALWAYS_SEARCH_USER_PATHS = NO;
				ASSETCATALOG_COMPILER_GENERATE_SWIFT_ASSET_SYMBOL_EXTENSIONS = YES;
				CLANG_ANALYZER_NONNULL = YES;
				CLANG_ANALYZER_NUMBER_OBJECT_CONVERSION = YES_AGGRESSIVE;
				CLANG_CXX_LANGUAGE_STANDARD = "gnu++20";
				CLANG_ENABLE_MODULES = YES;
				CLANG_ENABLE_OBJC_ARC = YES;
				CLANG_ENABLE_OBJC_WEAK = YES;
				CLANG_WARN_BLOCK_CAPTURE_AUTORELEASING = YES;
				CLANG_WARN_BOOL_CONVERSION = YES;
				CLANG_WARN_COMMA = YES;
				CLANG_WARN_CONSTANT_CONVERSION = YES;
				CLANG_WARN_DEPRECATED_OBJC_IMPLEMENTATIONS = YES;
				CLANG_WARN_DIRECT_OBJC_ISA_USAGE = YES_ERROR;
				CLANG_WARN_DOCUMENTATION_COMMENTS = YES;
				CLANG_WARN_EMPTY_BODY = YES;
				CLANG_WARN_ENUM_CONVERSION = YES;
				CLANG_WARN_INFINITE_RECURSION = YES;
				CLANG_WARN_INT_CONVERSION = YES;
				CLANG_WARN_NON_LITERAL_NULL_CONVERSION = YES;
				CLANG_WARN_OBJC_IMPLICIT_RETAIN_SELF = YES;
				CLANG_WARN_OBJC_LITERAL_CONVERSION = YES;
				CLANG_WARN_OBJC_ROOT_CLASS = YES_ERROR;
				CLANG_WARN_QUOTED_INCLUDE_IN_FRAMEWORK_HEADER = YES;
				CLANG_WARN_RANGE_LOOP_ANALYSIS = YES;
				CLANG_WARN_STRICT_PROTOTYPES = YES;
				CLANG_WARN_SUSPICIOUS_MOVE = YES;
				CLANG_WARN_UNGUARDED_AVAILABILITY = YES_AGGRESSIVE;
				CLANG_WARN_UNREACHABLE_CODE = YES;
				CLANG_WARN__DUPLICATE_METHOD_MATCH = YES;
				COPY_PHASE_STRIP = NO;
				DEBUG_INFORMATION_FORMAT = dwarf;
				ENABLE_STRICT_OBJC_MSGSEND = YES;
				ENABLE_TESTABILITY = YES;
				ENABLE_USER_SCRIPT_SANDBOXING = YES;
				GCC_C_LANGUAGE_STANDARD = gnu17;
				GCC_DYNAMIC_NO_PIC = NO;
				GCC_NO_COMMON_BLOCKS = YES;
				GCC_OPTIMIZATION_LEVEL = 0;
				GCC_PREPROCESSOR_DEFINITIONS = (
					"DEBUG=1",
					"$(inherited)",
				);
				GCC_WARN_64_TO_32_BIT_CONVERSION = YES;
				GCC_WARN_ABOUT_RETURN_TYPE = YES_ERROR;
				GCC_WARN_UNDECLARED_SELECTOR = YES;
				GCC_WARN_UNINITIALIZED_AUTOS = YES_AGGRESSIVE;
				GCC_WARN_UNUSED_FUNCTION = YES;
				GCC_WARN_UNUSED_VARIABLE = YES;
				IPHONEOS_DEPLOYMENT_TARGET = 18.2;
				LOCALIZATION_PREFERS_STRING_CATALOGS = YES;
				MTL_ENABLE_DEBUG_INFO = INCLUDE_SOURCE;
				MTL_FAST_MATH = YES;
				ONLY_ACTIVE_ARCH = YES;
				SDKROOT = iphoneos;
			};
			name = Debug;
		};
		14C0AD812D9144010033AE30 /* Release */ = {
			isa = XCBuildConfiguration;
			buildSettings = {
				ALWAYS_SEARCH_USER_PATHS = NO;
				ASSETCATALOG_COMPILER_GENERATE_SWIFT_ASSET_SYMBOL_EXTENSIONS = YES;
				CLANG_ANALYZER_NONNULL = YES;
				CLANG_ANALYZER_NUMBER_OBJECT_CONVERSION = YES_AGGRESSIVE;
				CLANG_CXX_LANGUAGE_STANDARD = "gnu++20";
				CLANG_ENABLE_MODULES = YES;
				CLANG_ENABLE_OBJC_ARC = YES;
				CLANG_ENABLE_OBJC_WEAK = YES;
				CLANG_WARN_BLOCK_CAPTURE_AUTORELEASING = YES;
				CLANG_WARN_BOOL_CONVERSION = YES;
				CLANG_WARN_COMMA = YES;
				CLANG_WARN_CONSTANT_CONVERSION = YES;
				CLANG_WARN_DEPRECATED_OBJC_IMPLEMENTATIONS = YES;
				CLANG_WARN_DIRECT_OBJC_ISA_USAGE = YES_ERROR;
				CLANG_WARN_DOCUMENTATION_COMMENTS = YES;
				CLANG_WARN_EMPTY_BODY = YES;
				CLANG_WARN_ENUM_CONVERSION = YES;
				CLANG_WARN_INFINITE_RECURSION = YES;
				CLANG_WARN_INT_CONVERSION = YES;
				CLANG_WARN_NON_LITERAL_NULL_CONVERSION = YES;
				CLANG_WARN_OBJC_IMPLICIT_RETAIN_SELF = YES;
				CLANG_WARN_OBJC_LITERAL_CONVERSION = YES;
				CLANG_WARN_OBJC_ROOT_CLASS = YES_ERROR;
				CLANG_WARN_QUOTED_INCLUDE_IN_FRAMEWORK_HEADER = YES;
				CLANG_WARN_RANGE_LOOP_ANALYSIS = YES;
				CLANG_WARN_STRICT_PROTOTYPES = YES;
				CLANG_WARN_SUSPICIOUS_MOVE = YES;
				CLANG_WARN_UNGUARDED_AVAILABILITY = YES_AGGRESSIVE;
				CLANG_WARN_UNREACHABLE_CODE = YES;
				CLANG_WARN__DUPLICATE_METHOD_MATCH = YES;
				COPY_PHASE_STRIP = NO;
				DEBUG_INFORMATION_FORMAT = "dwarf-with-dsym";
				ENABLE_NS_ASSERTIONS = NO;
				ENABLE_STRICT_OBJC_MSGSEND = YES;
				ENABLE_USER_SCRIPT_SANDBOXING = YES;
				GCC_C_LANGUAGE_STANDARD = gnu17;
				GCC_NO_COMMON_BLOCKS = YES;
				GCC_WARN_64_TO_32_BIT_CONVERSION = YES;
				GCC_WARN_ABOUT_RETURN_TYPE = YES_ERROR;
				GCC_WARN_UNDECLARED_SELECTOR = YES;
				GCC_WARN_UNINITIALIZED_AUTOS = YES_AGGRESSIVE;
				GCC_WARN_UNUSED_FUNCTION = YES;
				GCC_WARN_UNUSED_VARIABLE = YES;
				IPHONEOS_DEPLOYMENT_TARGET = 18.2;
				LOCALIZATION_PREFERS_STRING_CATALOGS = YES;
				MTL_ENABLE_DEBUG_INFO = NO;
				MTL_FAST_MATH = YES;
				SDKROOT = iphoneos;
				VALIDATE_PRODUCT = YES;
			};
			name = Release;
		};
/* End XCBuildConfiguration section */

/* Begin XCConfigurationList section */
		14C0AD602D9143FD0033AE30 /* Build configuration list for PBXProject "ZJLAICenterProject" */ = {
			isa = XCConfigurationList;
			buildConfigurations = (
				14C0AD802D9144010033AE30 /* Debug */,
				14C0AD812D9144010033AE30 /* Release */,
			);
			defaultConfigurationIsVisible = 0;
			defaultConfigurationName = Release;
		};
		14C0AD7D2D9144010033AE30 /* Build configuration list for PBXNativeTarget "ZJLAICenterProject" */ = {
			isa = XCConfigurationList;
			buildConfigurations = (
				14C0AD7E2D9144010033AE30 /* Debug */,
				14C0AD7F2D9144010033AE30 /* Release */,
			);
			defaultConfigurationIsVisible = 0;
			defaultConfigurationName = Release;
		};
/* End XCConfigurationList section */
	};
	rootObject = 14C0AD5D2D9143FD0033AE30 /* Project object */;
}
